<Solution>
  <Folder Name="/src/">
    <Project Path="src/ResidentialExpenses.API/ResidentialExpenses.API.csproj" Id="08fb01fd-702a-49cc-a225-8b6c00300949" />
    <Project Path="src/ResidentialExpenses.Application/ResidentialExpenses.Application.csproj" Id="005d5f55-95f7-421a-980e-1107bb374584" />
    <Project Path="src/ResidentialExpenses.Domain/ResidentialExpenses.Domain.csproj" Id="767241b7-0d90-4302-9c86-4ae7522f4927" />
    <Project Path="src/ResidentialExpenses.Infrastructure/ResidentialExpenses.Infrastructure.csproj" Id="1d23fa2e-1474-42e4-a23b-9b4c92b4d944" />
  </Folder>
  <Folder Name="/tests/">
    <Project Path="tests/CommonTestUtilities/CommonTestUtilities.csproj" Id="553d0ad5-f083-4c55-b0f2-fdbf801b13f2" />
    <Project Path="tests/UseCases.Test/UseCases.Test.csproj" Id="a4d98ea5-6554-45f2-afe1-e51d8dd116c0" />
    <Project Path="tests/Validators.Test/Validators.Test.csproj" Id="8756fddb-88a2-4f1e-8d70-df862cf48425" />
  </Folder>
</Solution>
